{
  "name": "@vextjs/devcodex",
  "version": "1.0.0",
  "lockfileVersion": 3,
  "requires": true,
  "packages": {
    "": {
      "name": "@vextjs/devcodex",
      "version": "1.0.0",
      "license": "AGPL-3.0-or-later",
      "dependencies": {
        "@vextjs/devcodex": "^1.0.0"
      },
      "bin": {
        "devcodex": "index.js"
      },
      "engines": {
        "node": ">=18"
      }
    },
    "node_modules/@vextjs/devcodex": {
      "version": "1.0.0",
      "resolved": "https://npm.pkg.github.com/download/@vextjs/devcodex/1.0.0/093fec6f59879f685875902c2d9f5c01df2e0695",
      "integrity": "sha512-DuETKcY2Pg7MkZIhBFg5Tsw8+tlFto4mhRfdR7OQEyQqxrLN1vPp/Ei83GPt83T34AS17/Utp+2kfK/ivuu+4w==",
      "license": "AGPL-3.0-or-later",
      "bin": {
        "devcodex": "index.js"
      },
      "engines": {
        "node": ">=18"
      }
    }
  }
}
