{
  "name": "@vextjs/devcodex",
  "version": "1.3.0",
  "lockfileVersion": 3,
  "requires": true,
  "packages": {
    "": {
      "name": "@vextjs/devcodex",
      "version": "1.3.0",
      "license": "AGPL-3.0-or-later",
      "bin": {
        "devcodex": "index.js"
      },
      "engines": {
        "node": ">=18"
      }
    }
  }
}
